// !$*UTF8*$!
{
	archiveVersion = 1;
	classes = {
	};
	objectVersion = 50;
	objects = {

/* Begin PBXBuildFile section */
		B9BC315B25CD30C000CB6206 /* AppDelegate.swift in Sources */ = {isa = PBXBuildFile; fileRef = B9BC315A25CD30C000CB6206 /* AppDelegate.swift */; };
		B9BC315D25CD30C000CB6206 /* SceneDelegate.swift in Sources */ = {isa = PBXBuildFile; fileRef = B9BC315C25CD30C000CB6206 /* SceneDelegate.swift */; };
		B9BC316225CD30C000CB6206 /* Main.storyboard in Resources */ = {isa = PBXBuildFile; fileRef = B9BC316025CD30C000CB6206 /* Main.storyboard */; };
		B9BC316425CD30C100CB6206 /* Assets.xcassets in Resources */ = {isa = PBXBuildFile; fileRef = B9BC316325CD30C100CB6206 /* Assets.xcassets */; };
		B9BC316725CD30C100CB6206 /* LaunchScreen.storyboard in Resources */ = {isa = PBXBuildFile; fileRef = B9BC316525CD30C100CB6206 /* LaunchScreen.storyboard */; };
		B9BC317A25CD39DE00CB6206 /* MovieListsTableViewController.swift in Sources */ = {isa = PBXBuildFile; fileRef = B9BC317925CD39DE00CB6206 /* MovieListsTableViewController.swift */; };
		B9BC317D25CD3A2200CB6206 /* DetailViewController.swift in Sources */ = {isa = PBXBuildFile; fileRef = B9BC317C25CD3A2200CB6206 /* DetailViewController.swift */; };
		B9BC318025CD3EBE00CB6206 /* Movie.swift in Sources */ = {isa = PBXBuildFile; fileRef = B9BC317F25CD3EBE00CB6206 /* Movie.swift */; };
		B9BC318325CD3FD400CB6206 /* DataManager.swift in Sources */ = {isa = PBXBuildFile; fileRef = B9BC318225CD3FD400CB6206 /* DataManager.swift */; };
/* End PBXBuildFile section */

/* Begin PBXFileReference section */
		B9BC315725CD30C000CB6206 /* MoviesList.app */ = {isa = PBXFileReference; explicitFileType = wrapper.application; includeInIndex = 0; path = MoviesList.app; sourceTree = BUILT_PRODUCTS_DIR; };
		B9BC315A25CD30C000CB6206 /* AppDelegate.swift */ = {isa = PBXFileReference; lastKnownFileType = sourcecode.swift; path = AppDelegate.swift; sourceTree = "<group>"; };
		B9BC315C25CD30C000CB6206 /* SceneDelegate.swift */ = {isa = PBXFileReference; lastKnownFileType = sourcecode.swift; path = SceneDelegate.swift; sourceTree = "<group>"; };
		B9BC316125CD30C000CB6206 /* Base */ = {isa = PBXFileReference; lastKnownFileType = file.storyboard; name = Base; path = Base.lproj/Main.storyboard; sourceTree = "<group>"; };
		B9BC316325CD30C100CB6206 /* Assets.xcassets */ = {isa = PBXFileReference; lastKnownFileType = folder.assetcatalog; path = Assets.xcassets; sourceTree = "<group>"; };
		B9BC316625CD30C100CB6206 /* Base */ = {isa = PBXFileReference; lastKnownFileType = file.storyboard; name = Base; path = Base.lproj/LaunchScreen.storyboard; sourceTree = "<group>"; };
		B9BC316825CD30C100CB6206 /* Info.plist */ = {isa = PBXFileReference; lastKnownFileType = text.plist.xml; path = Info.plist; sourceTree = "<group>"; };
		B9BC317925CD39DE00CB6206 /* MovieListsTableViewController.swift */ = {isa = PBXFileReference; lastKnownFileType = sourcecode.swift; path = MovieListsTableViewController.swift; sourceTree = "<group>"; };
		B9BC317C25CD3A2200CB6206 /* DetailViewController.swift */ = {isa = PBXFileReference; lastKnownFileType = sourcecode.swift; path = DetailViewController.swift; sourceTree = "<group>"; };
		B9BC317F25CD3EBE00CB6206 /* Movie.swift */ = {isa = PBXFileReference; lastKnownFileType = sourcecode.swift; path = Movie.swift; sourceTree = "<group>"; };
		B9BC318225CD3FD400CB6206 /* DataManager.swift */ = {isa = PBXFileReference; lastKnownFileType = sourcecode.swift; path = DataManager.swift; sourceTree = "<group>"; };
/* End PBXFileReference section */

/* Begin PBXFrameworksBuildPhase section */
		B9BC315425CD30C000CB6206 /* Frameworks */ = {
			isa = PBXFrameworksBuildPhase;
			buildActionMask = 2147483647;
			files = (
			);
			runOnlyForDeploymentPostprocessing = 0;
		};
/* End PBXFrameworksBuildPhase section */

/* Begin PBXGroup section */
		B9BC314E25CD30C000CB6206 = {
			isa = PBXGroup;
			children = (
				B9BC315925CD30C000CB6206 /* MoviesList */,
				B9BC315825CD30C000CB6206 /* Products */,
			);
			sourceTree = "<group>";
		};
		B9BC315825CD30C000CB6206 /* Products */ = {
			isa = PBXGroup;
			children = (
				B9BC315725CD30C000CB6206 /* MoviesList.app */,
			);
			name = Products;
			sourceTree = "<group>";
		};
		B9BC315925CD30C000CB6206 /* MoviesList */ = {
			isa = PBXGroup;
			children = (
				B9BC316F25CD31C800CB6206 /* Delegate */,
				B9BC317425CD326500CB6206 /* ModelManager */,
				B9BC317325CD324900CB6206 /* Model */,
				B9BC317125CD321700CB6206 /* View */,
				B9BC317225CD322700CB6206 /* Controllers */,
				B9BC316325CD30C100CB6206 /* Assets.xcassets */,
				B9BC316825CD30C100CB6206 /* Info.plist */,
			);
			path = MoviesList;
			sourceTree = "<group>";
		};
		B9BC316F25CD31C800CB6206 /* Delegate */ = {
			isa = PBXGroup;
			children = (
				B9BC315A25CD30C000CB6206 /* AppDelegate.swift */,
				B9BC315C25CD30C000CB6206 /* SceneDelegate.swift */,
			);
			path = Delegate;
			sourceTree = "<group>";
		};
		B9BC317125CD321700CB6206 /* View */ = {
			isa = PBXGroup;
			children = (
				B9BC316025CD30C000CB6206 /* Main.storyboard */,
				B9BC316525CD30C100CB6206 /* LaunchScreen.storyboard */,
			);
			path = View;
			sourceTree = "<group>";
		};
		B9BC317225CD322700CB6206 /* Controllers */ = {
			isa = PBXGroup;
			children = (
				B9BC317925CD39DE00CB6206 /* MovieListsTableViewController.swift */,
				B9BC317C25CD3A2200CB6206 /* DetailViewController.swift */,
			);
			path = Controllers;
			sourceTree = "<group>";
		};
		B9BC317325CD324900CB6206 /* Model */ = {
			isa = PBXGroup;
			children = (
				B9BC317F25CD3EBE00CB6206 /* Movie.swift */,
			);
			path = Model;
			sourceTree = "<group>";
		};
		B9BC317425CD326500CB6206 /* ModelManager */ = {
			isa = PBXGroup;
			children = (
				B9BC318225CD3FD400CB6206 /* DataManager.swift */,
			);
			path = ModelManager;
			sourceTree = "<group>";
		};
/* End PBXGroup section */

/* Begin PBXNativeTarget section */
		B9BC315625CD30C000CB6206 /* MoviesList */ = {
			isa = PBXNativeTarget;
			buildConfigurationList = B9BC316B25CD30C100CB6206 /* Build configuration list for PBXNativeTarget "MoviesList" */;
			buildPhases = (
				B9BC315325CD30C000CB6206 /* Sources */,
				B9BC315425CD30C000CB6206 /* Frameworks */,
				B9BC315525CD30C000CB6206 /* Resources */,
			);
			buildRules = (
			);
			dependencies = (
			);
			name = MoviesList;
			productName = MoviesList;
			productReference = B9BC315725CD30C000CB6206 /* MoviesList.app */;
			productType = "com.apple.product-type.application";
		};
/* End PBXNativeTarget section */

/* Begin PBXProject section */
		B9BC314F25CD30C000CB6206 /* Project object */ = {
			isa = PBXProject;
			attributes = {
				LastSwiftUpdateCheck = 1240;
				LastUpgradeCheck = 1240;
				TargetAttributes = {
					B9BC315625CD30C000CB6206 = {
						CreatedOnToolsVersion = 12.4;
					};
				};
			};
			buildConfigurationList = B9BC315225CD30C000CB6206 /* Build configuration list for PBXProject "MoviesList" */;
			compatibilityVersion = "Xcode 9.3";
			developmentRegion = en;
			hasScannedForEncodings = 0;
			knownRegions = (
				en,
				Base,
			);
			mainGroup = B9BC314E25CD30C000CB6206;
			productRefGroup = B9BC315825CD30C000CB6206 /* Products */;
			projectDirPath = "";
			projectRoot = "";
			targets = (
				B9BC315625CD30C000CB6206 /* MoviesList */,
			);
		};
/* End PBXProject section */

/* Begin PBXResourcesBuildPhase section */
		B9BC315525CD30C000CB6206 /* Resources */ = {
			isa = PBXResourcesBuildPhase;
			buildActionMask = 2147483647;
			files = (
				B9BC316725CD30C100CB6206 /* LaunchScreen.storyboard in Resources */,
				B9BC316425CD30C100CB6206 /* Assets.xcassets in Resources */,
				B9BC316225CD30C000CB6206 /* Main.storyboard in Resources */,
			);
			runOnlyForDeploymentPostprocessing = 0;
		};
/* End PBXResourcesBuildPhase section */

/* Begin PBXSourcesBuildPhase section */
		B9BC315325CD30C000CB6206 /* Sources */ = {
			isa = PBXSourcesBuildPhase;
			buildActionMask = 2147483647;
			files = (
				B9BC315B25CD30C000CB6206 /* AppDelegate.swift in Sources */,
				B9BC318325CD3FD400CB6206 /* DataManager.swift in Sources */,
				B9BC315D25CD30C000CB6206 /* SceneDelegate.swift in Sources */,
				B9BC317A25CD39DE00CB6206 /* MovieListsTableViewController.swift in Sources */,
				B9BC317D25CD3A2200CB6206 /* DetailViewController.swift in Sources */,
				B9BC318025CD3EBE00CB6206 /* Movie.swift in Sources */,
			);
			runOnlyForDeploymentPostprocessing = 0;
		};
/* End PBXSourcesBuildPhase section */

/* Begin PBXVariantGroup section */
		B9BC316025CD30C000CB6206 /* Main.storyboard */ = {
			isa = PBXVariantGroup;
			children = (
				B9BC316125CD30C000CB6206 /* Base */,
			);
			name = Main.storyboard;
			sourceTree = "<group>";
		};
		B9BC316525CD30C100CB6206 /* LaunchScreen.storyboard */ = {
			isa = PBXVariantGroup;
			children = (
				B9BC316625CD30C100CB6206 /* Base */,
			);
			name = LaunchScreen.storyboard;
			sourceTree = "<group>";
		};
/* End PBXVariantGroup section */

/* Begin XCBuildConfiguration section */
		B9BC316925CD30C100CB6206 /* Debug */ = {
			isa = XCBuildConfiguration;
			buildSettings = {
				ALWAYS_SEARCH_USER_PATHS = NO;
				CLANG_ANALYZER_NONNULL = YES;
				CLANG_ANALYZER_NUMBER_OBJECT_CONVERSION = YES_AGGRESSIVE;
				CLANG_CXX_LANGUAGE_STANDARD = "gnu++14";
				CLANG_CXX_LIBRARY = "libc++";
				CLANG_ENABLE_MODULES = YES;
				CLANG_ENABLE_OBJC_ARC = YES;
				CLANG_ENABLE_OBJC_WEAK = YES;
				CLANG_WARN_BLOCK_CAPTURE_AUTORELEASING = YES;
				CLANG_WARN_BOOL_CONVERSION = YES;
				CLANG_WARN_COMMA = YES;
				CLANG_WARN_CONSTANT_CONVERSION = YES;
				CLANG_WARN_DEPRECATED_OBJC_IMPLEMENTATIONS = YES;
				CLANG_WARN_DIRECT_OBJC_ISA_USAGE = YES_ERROR;
				CLANG_WARN_DOCUMENTATION_COMMENTS = YES;
				CLANG_WARN_EMPTY_BODY = YES;
				CLANG_WARN_ENUM_CONVERSION = YES;
				CLANG_WARN_INFINITE_RECURSION = YES;
				CLANG_WARN_INT_CONVERSION = YES;
				CLANG_WARN_NON_LITERAL_NULL_CONVERSION = YES;
				CLANG_WARN_OBJC_IMPLICIT_RETAIN_SELF = YES;
				CLANG_WARN_OBJC_LITERAL_CONVERSION = YES;
				CLANG_WARN_OBJC_ROOT_CLASS = YES_ERROR;
				CLANG_WARN_QUOTED_INCLUDE_IN_FRAMEWORK_HEADER = YES;
				CLANG_WARN_RANGE_LOOP_ANALYSIS = YES;
				CLANG_WARN_STRICT_PROTOTYPES = YES;
				CLANG_WARN_SUSPICIOUS_MOVE = YES;
				CLANG_WARN_UNGUARDED_AVAILABILITY = YES_AGGRESSIVE;
				CLANG_WARN_UNREACHABLE_CODE = YES;
				CLANG_WARN__DUPLICATE_METHOD_MATCH = YES;
				COPY_PHASE_STRIP = NO;
				DEBUG_INFORMATION_FORMAT = dwarf;
				ENABLE_STRICT_OBJC_MSGSEND = YES;
				ENABLE_TESTABILITY = YES;
				GCC_C_LANGUAGE_STANDARD = gnu11;
				GCC_DYNAMIC_NO_PIC = NO;
				GCC_NO_COMMON_BLOCKS = YES;
				GCC_OPTIMIZATION_LEVEL = 0;
				GCC_PREPROCESSOR_DEFINITIONS = (
					"DEBUG=1",
					"$(inherited)",
				);
				GCC_WARN_64_TO_32_BIT_CONVERSION = YES;
				GCC_WARN_ABOUT_RETURN_TYPE = YES_ERROR;
				GCC_WARN_UNDECLARED_SELECTOR = YES;
				GCC_WARN_UNINITIALIZED_AUTOS = YES_AGGRESSIVE;
				GCC_WARN_UNUSED_FUNCTION = YES;
				GCC_WARN_UNUSED_VARIABLE = YES;
				IPHONEOS_DEPLOYMENT_TARGET = 14.4;
				MTL_ENABLE_DEBUG_INFO = INCLUDE_SOURCE;
				MTL_FAST_MATH = YES;
				ONLY_ACTIVE_ARCH = YES;
				SDKROOT = iphoneos;
				SWIFT_ACTIVE_COMPILATION_CONDITIONS = DEBUG;
				SWIFT_OPTIMIZATION_LEVEL = "-Onone";
			};
			name = Debug;
		};
		B9BC316A25CD30C100CB6206 /* Release */ = {
			isa = XCBuildConfiguration;
			buildSettings = {
				ALWAYS_SEARCH_USER_PATHS = NO;
				CLANG_ANALYZER_NONNULL = YES;
				CLANG_ANALYZER_NUMBER_OBJECT_CONVERSION = YES_AGGRESSIVE;
				CLANG_CXX_LANGUAGE_STANDARD = "gnu++14";
				CLANG_CXX_LIBRARY = "libc++";
				CLANG_ENABLE_MODULES = YES;
				CLANG_ENABLE_OBJC_ARC = YES;
				CLANG_ENABLE_OBJC_WEAK = YES;
				CLANG_WARN_BLOCK_CAPTURE_AUTORELEASING = YES;
				CLANG_WARN_BOOL_CONVERSION = YES;
				CLANG_WARN_COMMA = YES;
				CLANG_WARN_CONSTANT_CONVERSION = YES;
				CLANG_WARN_DEPRECATED_OBJC_IMPLEMENTATIONS = YES;
				CLANG_WARN_DIRECT_OBJC_ISA_USAGE = YES_ERROR;
				CLANG_WARN_DOCUMENTATION_COMMENTS = YES;
				CLANG_WARN_EMPTY_BODY = YES;
				CLANG_WARN_ENUM_CONVERSION = YES;
				CLANG_WARN_INFINITE_RECURSION = YES;
				CLANG_WARN_INT_CONVERSION = YES;
				CLANG_WARN_NON_LITERAL_NULL_CONVERSION = YES;
				CLANG_WARN_OBJC_IMPLICIT_RETAIN_SELF = YES;
				CLANG_WARN_OBJC_LITERAL_CONVERSION = YES;
				CLANG_WARN_OBJC_ROOT_CLASS = YES_ERROR;
				CLANG_WARN_QUOTED_INCLUDE_IN_FRAMEWORK_HEADER = YES;
				CLANG_WARN_RANGE_LOOP_ANALYSIS = YES;
				CLANG_WARN_STRICT_PROTOTYPES = YES;
				CLANG_WARN_SUSPICIOUS_MOVE = YES;
				CLANG_WARN_UNGUARDED_AVAILABILITY = YES_AGGRESSIVE;
				CLANG_WARN_UNREACHABLE_CODE = YES;
				CLANG_WARN__DUPLICATE_METHOD_MATCH = YES;
				COPY_PHASE_STRIP = NO;
				DEBUG_INFORMATION_FORMAT = "dwarf-with-dsym";
				ENABLE_NS_ASSERTIONS = NO;
				ENABLE_STRICT_OBJC_MSGSEND = YES;
				GCC_C_LANGUAGE_STANDARD = gnu11;
				GCC_NO_COMMON_BLOCKS = YES;
				GCC_WARN_64_TO_32_BIT_CONVERSION = YES;
				GCC_WARN_ABOUT_RETURN_TYPE = YES_ERROR;
				GCC_WARN_UNDECLARED_SELECTOR = YES;
				GCC_WARN_UNINITIALIZED_AUTOS = YES_AGGRESSIVE;
				GCC_WARN_UNUSED_FUNCTION = YES;
				GCC_WARN_UNUSED_VARIABLE = YES;
				IPHONEOS_DEPLOYMENT_TARGET = 14.4;
				MTL_ENABLE_DEBUG_INFO = NO;
				MTL_FAST_MATH = YES;
				SDKROOT = iphoneos;
				SWIFT_COMPILATION_MODE = wholemodule;
				SWIFT_OPTIMIZATION_LEVEL = "-O";
				VALIDATE_PRODUCT = YES;
			};
			name = Release;
		};
		B9BC316C25CD30C100CB6206 /* Debug */ = {
			isa = XCBuildConfiguration;
			buildSettings = {
				ASSETCATALOG_COMPILER_APPICON_NAME = AppIcon;
				ASSETCATALOG_COMPILER_GLOBAL_ACCENT_COLOR_NAME = AccentColor;
				CODE_SIGN_STYLE = Automatic;
				DEVELOPMENT_TEAM = QU577HR376;
				INFOPLIST_FILE = MoviesList/Info.plist;
				LD_RUNPATH_SEARCH_PATHS = (
					"$(inherited)",
					"@executable_path/Frameworks",
				);
				PRODUCT_BUNDLE_IDENTIFIER = lv.accenture.bootcamp.MoviesList;
				PRODUCT_NAME = "$(TARGET_NAME)";
				SWIFT_VERSION = 5.0;
				TARGETED_DEVICE_FAMILY = "1,2";
			};
			name = Debug;
		};
		B9BC316D25CD30C100CB6206 /* Release */ = {
			isa = XCBuildConfiguration;
			buildSettings = {
				ASSETCATALOG_COMPILER_APPICON_NAME = AppIcon;
				ASSETCATALOG_COMPILER_GLOBAL_ACCENT_COLOR_NAME = AccentColor;
				CODE_SIGN_STYLE = Automatic;
				DEVELOPMENT_TEAM = QU577HR376;
				INFOPLIST_FILE = MoviesList/Info.plist;
				LD_RUNPATH_SEARCH_PATHS = (
					"$(inherited)",
					"@executable_path/Frameworks",
				);
				PRODUCT_BUNDLE_IDENTIFIER = lv.accenture.bootcamp.MoviesList;
				PRODUCT_NAME = "$(TARGET_NAME)";
				SWIFT_VERSION = 5.0;
				TARGETED_DEVICE_FAMILY = "1,2";
			};
			name = Release;
		};
/* End XCBuildConfiguration section */

/* Begin XCConfigurationList section */
		B9BC315225CD30C000CB6206 /* Build configuration list for PBXProject "MoviesList" */ = {
			isa = XCConfigurationList;
			buildConfigurations = (
				B9BC316925CD30C100CB6206 /* Debug */,
				B9BC316A25CD30C100CB6206 /* Release */,
			);
			defaultConfigurationIsVisible = 0;
			defaultConfigurationName = Release;
		};
		B9BC316B25CD30C100CB6206 /* Build configuration list for PBXNativeTarget "MoviesList" */ = {
			isa = XCConfigurationList;
			buildConfigurations = (
				B9BC316C25CD30C100CB6206 /* Debug */,
				B9BC316D25CD30C100CB6206 /* Release */,
			);
			defaultConfigurationIsVisible = 0;
			defaultConfigurationName = Release;
		};
/* End XCConfigurationList section */
	};
	rootObject = B9BC314F25CD30C000CB6206 /* Project object */;
}
